# This file was autogenerated by Stack.
# You should not edit this file by hand.
# For more information, please see the documentation at:
#   https://docs.haskellstack.org/en/stable/lock_files

packages:
- completed:
    hackage: co-log-0.4.0.1@sha256:3d4c17f37693c80d1aa2c41669bc3438fac3e89dc5f479e57d79bc3ddc4dfcc5,5087
    pantry-tree:
      size: 1126
      sha256: e73165ff8f744709428e2e87984c9d60ca1cec43d8455c413181c7c466e7497c
  original:
    hackage: co-log-0.4.0.1@sha256:3d4c17f37693c80d1aa2c41669bc3438fac3e89dc5f479e57d79bc3ddc4dfcc5,5087
- completed:
    hackage: proto-lens-0.7.0.0@sha256:2c44a62375f7712f9381f84b1d30cee2f94384f1c98801db2f4450359a8e5036,3036
    pantry-tree:
      size: 1857
      sha256: b8e95cae7459e6a601abe32df92c5b24685765f4dd402fd84d8fd1e5b04892d2
  original:
    hackage: proto-lens-0.7.0.0@sha256:2c44a62375f7712f9381f84b1d30cee2f94384f1c98801db2f4450359a8e5036,3036
- completed:
    hackage: proto-lens-jsonpb-0.2.0.2@sha256:a361759d615e54a58a2f92eecd991ec8ad563dfdf0169bef2ea02054cf581da1,2019
    pantry-tree:
      size: 353
      sha256: 01c64e9221112b22f1a0db8383fb115eff949a4cd81bc6f65d28710c8c945edd
  original:
    hackage: proto-lens-jsonpb-0.2.0.2@sha256:a361759d615e54a58a2f92eecd991ec8ad563dfdf0169bef2ea02054cf581da1,2019
- completed:
    hackage: proto-lens-protobuf-types-0.7.0.0@sha256:e93fdb27d509b4d0886a2c45676267069c7b7036064372e938b8b6b7cceaecc9,2860
    pantry-tree:
      size: 931
      sha256: 517e76804a7ec5bfd29aec42f7426193f3fef668fc46f193af1a3b81d274229e
  original:
    hackage: proto-lens-protobuf-types-0.7.0.0@sha256:e93fdb27d509b4d0886a2c45676267069c7b7036064372e938b8b6b7cceaecc9,2860
- completed:
    hackage: proto-lens-runtime-0.7.0.0@sha256:d6cfab159a63f5c42a1a507638c674a714dfa5f69a06f559e8da840eaafde3ab,3115
    pantry-tree:
      size: 168
      sha256: 25214e3dfa3d36b453da5be39f392699ac78ada5ded8a1384668e3e3cd9234e4
  original:
    hackage: proto-lens-runtime-0.7.0.0@sha256:d6cfab159a63f5c42a1a507638c674a714dfa5f69a06f559e8da840eaafde3ab,3115
- completed:
    hackage: ansi-terminal-0.10.3@sha256:e2fbcef5f980dc234c7ad8e2fa433b0e8109132c9e643bc40ea5608cd5697797,3226
    pantry-tree:
      size: 1461
      sha256: 02f05d52be3ffcf36c78876629cbab80b63420672685371aea4fd10e1c4aabb6
  original:
    hackage: ansi-terminal-0.10.3@sha256:e2fbcef5f980dc234c7ad8e2fa433b0e8109132c9e643bc40ea5608cd5697797,3226
- completed:
    hackage: proto-lens-protoc-0.7.0.0@sha256:04e57ec59ce21dc781b9debe063f03d85a7ec2ad1ee5c2deb1c30282119e9119,2304
    pantry-tree:
      size: 1219
      sha256: 990ccd28c9fda706123c50032d83adbf1ba3bdc914f206d8587ddb6d49d4686e
  original:
    hackage: proto-lens-protoc-0.7.0.0@sha256:04e57ec59ce21dc781b9debe063f03d85a7ec2ad1ee5c2deb1c30282119e9119,2304
- completed:
    hackage: proto-lens-setup-0.4.0.4@sha256:c44d1b6d68a8faf1d2f9c7ca492ce3c9c2ee66d255452c683f762f10c9ebe430,3185
    pantry-tree:
      size: 235
      sha256: 3e7d12c20ebfa4d261254278331d2a708e49278f763183da2f680a4b668e881f
  original:
    hackage: proto-lens-setup-0.4.0.4@sha256:c44d1b6d68a8faf1d2f9c7ca492ce3c9c2ee66d255452c683f762f10c9ebe430,3185
- completed:
    hackage: profunctors-5.6.2@sha256:4db306297d827cf65a32d9124d6f1a23105479ebb1988783006578bc5d4209da,2377
    pantry-tree:
      size: 1588
      sha256: 5e640a3a4613c8850d19d322b4ec8444345deb0cf4ee020590da82e2d657be26
  original:
    hackage: profunctors-5.6.2@sha256:4db306297d827cf65a32d9124d6f1a23105479ebb1988783006578bc5d4209da,2377
snapshots:
- completed:
    size: 585393
    url: https://raw.githubusercontent.com/commercialhaskell/stackage-snapshots/master/lts/18/0.yaml
    sha256: c632012da648385b9fa3c29f4e0afd56ead299f1c5528ee789058be410e883c0
  original: lts-18.0
